
Microsoft Visual Studio Solution File, Format Version 12.00
# Visual Studio Version 17
VisualStudioVersion = 17.1.32421.90
MinimumVisualStudioVersion = 10.0.40219.1
Project("{FAE04EC0-301F-11D3-BF4B-00C04F79EFBC}") = "AlumnosCarpetas", "AlumnosCarpetas\AlumnosCarpetas.csproj", "{A0AD682E-6877-4059-BC95-7B1212E3ADBF}"
EndProject
Global
	GlobalSection(SolutionConfigurationPlatforms) = preSolution
		Debug|Any CPU = Debug|Any CPU
		Release|Any CPU = Release|Any CPU
	EndGlobalSection
	GlobalSection(ProjectConfigurationPlatforms) = postSolution
		{A0AD682E-6877-4059-BC95-7B1212E3ADBF}.Debug|Any CPU.ActiveCfg = Debug|Any CPU
		{A0AD682E-6877-4059-BC95-7B1212E3ADBF}.Debug|Any CPU.Build.0 = Debug|Any CPU
		{A0AD682E-6877-4059-BC95-7B1212E3ADBF}.Release|Any CPU.ActiveCfg = Release|Any CPU
		{A0AD682E-6877-4059-BC95-7B1212E3ADBF}.Release|Any CPU.Build.0 = Release|Any CPU
	EndGlobalSection
	GlobalSection(SolutionProperties) = preSolution
		HideSolutionNode = FALSE
	EndGlobalSection
	GlobalSection(ExtensibilityGlobals) = postSolution
		SolutionGuid = {394D15D3-51A7-488D-9E71-AAEAD86F1A0B}
	EndGlobalSection
EndGlobal
